
Microsoft Visual Studio Solution File, Format Version 12.00
# Visual Studio Version 17
VisualStudioVersion = 17.2.32630.192
MinimumVisualStudioVersion = 10.0.40219.1
Project("{FAE04EC0-301F-11D3-BF4B-00C04F79EFBC}") = "C-webScraper", "C-webScraper\C-webScraper.csproj", "{BB6B52EE-6292-4BBC-BEF3-8E04833C1131}"
EndProject
Global
	GlobalSection(SolutionConfigurationPlatforms) = preSolution
		Debug|Any CPU = Debug|Any CPU
		Release|Any CPU = Release|Any CPU
	EndGlobalSection
	GlobalSection(ProjectConfigurationPlatforms) = postSolution
		{BB6B52EE-6292-4BBC-BEF3-8E04833C1131}.Debug|Any CPU.ActiveCfg = Debug|Any CPU
		{BB6B52EE-6292-4BBC-BEF3-8E04833C1131}.Debug|Any CPU.Build.0 = Debug|Any CPU
		{BB6B52EE-6292-4BBC-BEF3-8E04833C1131}.Release|Any CPU.ActiveCfg = Release|Any CPU
		{BB6B52EE-6292-4BBC-BEF3-8E04833C1131}.Release|Any CPU.Build.0 = Release|Any CPU
	EndGlobalSection
	GlobalSection(SolutionProperties) = preSolution
		HideSolutionNode = FALSE
	EndGlobalSection
	GlobalSection(ExtensibilityGlobals) = postSolution
		SolutionGuid = {0E3D4254-7BA7-48A4-8278-60244CB14174}
	EndGlobalSection
EndGlobal
